
Microsoft Visual Studio Solution File, Format Version 12.00
# Visual Studio Version 16
VisualStudioVersion = 16.0.34031.81
MinimumVisualStudioVersion = 10.0.40219.1
Project("{2150E333-8FDC-42A3-9474-1A3956D46DE8}") = "Task0", "Task0", "{6A5AD337-DDBF-4633-98E6-80A3D0428516}"
EndProject
Project("{FAE04EC0-301F-11D3-BF4B-00C04F79EFBC}") = "Tyuiu.VolodinaAA.Sprint2.Task0.V19", "Tyuiu.VolodinaAA.Sprint2.Task0.V19\Tyuiu.VolodinaAA.Sprint2.Task0.V19.csproj", "{F06D7C8F-E940-4FFF-A09A-F0194D322649}"
EndProject
Project("{FAE04EC0-301F-11D3-BF4B-00C04F79EFBC}") = "Tyuiu.VolodinaAA.Sprint2.Task0.V19.Lib", "Tyuiu.VolodinaAA.Sprint2.Task0.V19.Lib\Tyuiu.VolodinaAA.Sprint2.Task0.V19.Lib.csproj", "{07A6DBC8-B980-4F7C-BDF0-65E745FCFA2C}"
EndProject
Project("{FAE04EC0-301F-11D3-BF4B-00C04F79EFBC}") = "Tyuiu.VolodinaAA.Sprint2.Task0.V19.Test", "Tyuiu.VolodinaAA.Sprint2.Task0.V19.Test\Tyuiu.VolodinaAA.Sprint2.Task0.V19.Test.csproj", "{DE760BEE-C0FC-4A16-AC86-1608087C30C1}"
EndProject
Project("{2150E333-8FDC-42A3-9474-1A3956D46DE8}") = "Task1", "Task1", "{30A643BA-20F1-4B28-89E7-9D1DD7415365}"
EndProject
Project("{FAE04EC0-301F-11D3-BF4B-00C04F79EFBC}") = "Tyuiu.VolodinaAA.Sprint2.Task1.V21", "Tyuiu.VolodinaAA.Sprint2.Task1.V21\Tyuiu.VolodinaAA.Sprint2.Task1.V21.csproj", "{0A0BBEFF-DDCE-43AB-9363-14993CD49E4F}"
EndProject
Project("{FAE04EC0-301F-11D3-BF4B-00C04F79EFBC}") = "Tyuiu.VolodinaAA.Sprint2.Task1.V21.Lib", "Tyuiu.VolodinaAA.Sprint2.Task1.V21.Lib\Tyuiu.VolodinaAA.Sprint2.Task1.V21.Lib.csproj", "{08FC748B-E46C-4B74-AB53-F9D38AA2C88D}"
EndProject
Project("{FAE04EC0-301F-11D3-BF4B-00C04F79EFBC}") = "Tyuiu.VolodinaAA.Sprint2.Task1.V21.Test", "Tyuiu.VolodinaAA.Sprint2.Task1.V21.Test\Tyuiu.VolodinaAA.Sprint2.Task1.V21.Test.csproj", "{7466FAD4-0B13-4869-80DC-FBCC9F51A337}"
EndProject
Project("{2150E333-8FDC-42A3-9474-1A3956D46DE8}") = "Task2", "Task2", "{7CED6AB4-B6FC-4735-8F89-CAA84CAB3C0A}"
EndProject
Project("{FAE04EC0-301F-11D3-BF4B-00C04F79EFBC}") = "Tyuiu.VolodinaAA.Sprint2.Task2.V14", "Tyuiu.VolodinaAA.Sprint2.Task2.V14\Tyuiu.VolodinaAA.Sprint2.Task2.V14.csproj", "{3F7E16A1-EACC-4397-865A-BB07500EFD71}"
EndProject
Project("{FAE04EC0-301F-11D3-BF4B-00C04F79EFBC}") = "Tyuiu.VolodinaAA.Sprint2.Task2.V14.Lib", "Tyuiu.VolodinaAA.Sprint2.Task2.V14.Lib\Tyuiu.VolodinaAA.Sprint2.Task2.V14.Lib.csproj", "{874ABEEC-AEBB-422F-9CE6-9528B7AFEC66}"
EndProject
Project("{FAE04EC0-301F-11D3-BF4B-00C04F79EFBC}") = "Tyuiu.VolodinaAA.Sprint2.Task2.V14.Test", "Tyuiu.VolodinaAA.Sprint2.Task2.V14.Test\Tyuiu.VolodinaAA.Sprint2.Task2.V14.Test.csproj", "{3227C2C2-8410-43A3-8A08-FD8BF882F186}"
EndProject
Project("{2150E333-8FDC-42A3-9474-1A3956D46DE8}") = "Task3", "Task3", "{9C77ADA5-4545-4F95-9168-C045758712E8}"
EndProject
Project("{FAE04EC0-301F-11D3-BF4B-00C04F79EFBC}") = "Tyuiu.VolodinaAA.Sprint2.Task3.V20", "Tyuiu.VolodinaAA.Sprint2.Task3.V20\Tyuiu.VolodinaAA.Sprint2.Task3.V20.csproj", "{56FCCB0E-5305-4B7E-BF64-9198550D7643}"
EndProject
Project("{FAE04EC0-301F-11D3-BF4B-00C04F79EFBC}") = "Tyuiu.VolodinaAA.Sprint2.Task3.V20.Lib", "Tyuiu.VolodinaAA.Sprint2.Task3.V20.Lib\Tyuiu.VolodinaAA.Sprint2.Task3.V20.Lib.csproj", "{F98D2105-5F82-4CFB-AD14-78EF2A2F9DDA}"
EndProject
Project("{FAE04EC0-301F-11D3-BF4B-00C04F79EFBC}") = "Tyuiu.VolodinaAA.Sprint2.Task3.V20.Test", "Tyuiu.VolodinaAA.Sprint2.Task3.V20.Test\Tyuiu.VolodinaAA.Sprint2.Task3.V20.Test.csproj", "{A71187BA-4895-4751-A1F6-53A03E250E1B}"
EndProject
Project("{2150E333-8FDC-42A3-9474-1A3956D46DE8}") = "Task4", "Task4", "{04A94D39-71CC-4B6A-8178-1390F3993F81}"
EndProject
Project("{FAE04EC0-301F-11D3-BF4B-00C04F79EFBC}") = "Tyuiu.VolodinaAA.Sprint2.Task4.V19", "Tyuiu.VolodinaAA.Sprint2.Task4.V19\Tyuiu.VolodinaAA.Sprint2.Task4.V19.csproj", "{F493411E-58DD-42A9-8BA6-201638326D28}"
EndProject
Project("{FAE04EC0-301F-11D3-BF4B-00C04F79EFBC}") = "Tyuiu.VolodinaAA.Sprint2.Task4.V19.Lib", "Tyuiu.VolodinaAA.Sprint2.Task4.V19.Lib\Tyuiu.VolodinaAA.Sprint2.Task4.V19.Lib.csproj", "{DB906A0D-695B-4770-9584-B07112E516A7}"
EndProject
Project("{FAE04EC0-301F-11D3-BF4B-00C04F79EFBC}") = "Tyuiu.VolodinaAA.Sprint2.Task4.V19.Test", "Tyuiu.VolodinaAA.Sprint2.Task4.V19.Test\Tyuiu.VolodinaAA.Sprint2.Task4.V19.Test.csproj", "{0A5BA682-55C2-4647-BB14-9411CEA5D2AA}"
EndProject
Global
	GlobalSection(SolutionConfigurationPlatforms) = preSolution
		Debug|Any CPU = Debug|Any CPU
		Release|Any CPU = Release|Any CPU
	EndGlobalSection
	GlobalSection(ProjectConfigurationPlatforms) = postSolution
		{F06D7C8F-E940-4FFF-A09A-F0194D322649}.Debug|Any CPU.ActiveCfg = Debug|Any CPU
		{F06D7C8F-E940-4FFF-A09A-F0194D322649}.Debug|Any CPU.Build.0 = Debug|Any CPU
		{F06D7C8F-E940-4FFF-A09A-F0194D322649}.Release|Any CPU.ActiveCfg = Release|Any CPU
		{F06D7C8F-E940-4FFF-A09A-F0194D322649}.Release|Any CPU.Build.0 = Release|Any CPU
		{07A6DBC8-B980-4F7C-BDF0-65E745FCFA2C}.Debug|Any CPU.ActiveCfg = Debug|Any CPU
		{07A6DBC8-B980-4F7C-BDF0-65E745FCFA2C}.Debug|Any CPU.Build.0 = Debug|Any CPU
		{07A6DBC8-B980-4F7C-BDF0-65E745FCFA2C}.Release|Any CPU.ActiveCfg = Release|Any CPU
		{07A6DBC8-B980-4F7C-BDF0-65E745FCFA2C}.Release|Any CPU.Build.0 = Release|Any CPU
		{DE760BEE-C0FC-4A16-AC86-1608087C30C1}.Debug|Any CPU.ActiveCfg = Debug|Any CPU
		{DE760BEE-C0FC-4A16-AC86-1608087C30C1}.Debug|Any CPU.Build.0 = Debug|Any CPU
		{DE760BEE-C0FC-4A16-AC86-1608087C30C1}.Release|Any CPU.ActiveCfg = Release|Any CPU
		{DE760BEE-C0FC-4A16-AC86-1608087C30C1}.Release|Any CPU.Build.0 = Release|Any CPU
		{0A0BBEFF-DDCE-43AB-9363-14993CD49E4F}.Debug|Any CPU.ActiveCfg = Debug|Any CPU
		{0A0BBEFF-DDCE-43AB-9363-14993CD49E4F}.Debug|Any CPU.Build.0 = Debug|Any CPU
		{0A0BBEFF-DDCE-43AB-9363-14993CD49E4F}.Release|Any CPU.ActiveCfg = Release|Any CPU
		{0A0BBEFF-DDCE-43AB-9363-14993CD49E4F}.Release|Any CPU.Build.0 = Release|Any CPU
		{08FC748B-E46C-4B74-AB53-F9D38AA2C88D}.Debug|Any CPU.ActiveCfg = Debug|Any CPU
		{08FC748B-E46C-4B74-AB53-F9D38AA2C88D}.Debug|Any CPU.Build.0 = Debug|Any CPU
		{08FC748B-E46C-4B74-AB53-F9D38AA2C88D}.Release|Any CPU.ActiveCfg = Release|Any CPU
		{08FC748B-E46C-4B74-AB53-F9D38AA2C88D}.Release|Any CPU.Build.0 = Release|Any CPU
		{7466FAD4-0B13-4869-80DC-FBCC9F51A337}.Debug|Any CPU.ActiveCfg = Debug|Any CPU
		{7466FAD4-0B13-4869-80DC-FBCC9F51A337}.Debug|Any CPU.Build.0 = Debug|Any CPU
		{7466FAD4-0B13-4869-80DC-FBCC9F51A337}.Release|Any CPU.ActiveCfg = Release|Any CPU
		{7466FAD4-0B13-4869-80DC-FBCC9F51A337}.Release|Any CPU.Build.0 = Release|Any CPU
		{3F7E16A1-EACC-4397-865A-BB07500EFD71}.Debug|Any CPU.ActiveCfg = Debug|Any CPU
		{3F7E16A1-EACC-4397-865A-BB07500EFD71}.Debug|Any CPU.Build.0 = Debug|Any CPU
		{3F7E16A1-EACC-4397-865A-BB07500EFD71}.Release|Any CPU.ActiveCfg = Release|Any CPU
		{3F7E16A1-EACC-4397-865A-BB07500EFD71}.Release|Any CPU.Build.0 = Release|Any CPU
		{874ABEEC-AEBB-422F-9CE6-9528B7AFEC66}.Debug|Any CPU.ActiveCfg = Debug|Any CPU
		{874ABEEC-AEBB-422F-9CE6-9528B7AFEC66}.Debug|Any CPU.Build.0 = Debug|Any CPU
		{874ABEEC-AEBB-422F-9CE6-9528B7AFEC66}.Release|Any CPU.ActiveCfg = Release|Any CPU
		{874ABEEC-AEBB-422F-9CE6-9528B7AFEC66}.Release|Any CPU.Build.0 = Release|Any CPU
		{3227C2C2-8410-43A3-8A08-FD8BF882F186}.Debug|Any CPU.ActiveCfg = Debug|Any CPU
		{3227C2C2-8410-43A3-8A08-FD8BF882F186}.Debug|Any CPU.Build.0 = Debug|Any CPU
		{3227C2C2-8410-43A3-8A08-FD8BF882F186}.Release|Any CPU.ActiveCfg = Release|Any CPU
		{3227C2C2-8410-43A3-8A08-FD8BF882F186}.Release|Any CPU.Build.0 = Release|Any CPU
		{56FCCB0E-5305-4B7E-BF64-9198550D7643}.Debug|Any CPU.ActiveCfg = Debug|Any CPU
		{56FCCB0E-5305-4B7E-BF64-9198550D7643}.Debug|Any CPU.Build.0 = Debug|Any CPU
		{56FCCB0E-5305-4B7E-BF64-9198550D7643}.Release|Any CPU.ActiveCfg = Release|Any CPU
		{56FCCB0E-5305-4B7E-BF64-9198550D7643}.Release|Any CPU.Build.0 = Release|Any CPU
		{F98D2105-5F82-4CFB-AD14-78EF2A2F9DDA}.Debug|Any CPU.ActiveCfg = Debug|Any CPU
		{F98D2105-5F82-4CFB-AD14-78EF2A2F9DDA}.Debug|Any CPU.Build.0 = Debug|Any CPU
		{F98D2105-5F82-4CFB-AD14-78EF2A2F9DDA}.Release|Any CPU.ActiveCfg = Release|Any CPU
		{F98D2105-5F82-4CFB-AD14-78EF2A2F9DDA}.Release|Any CPU.Build.0 = Release|Any CPU
		{A71187BA-4895-4751-A1F6-53A03E250E1B}.Debug|Any CPU.ActiveCfg = Debug|Any CPU
		{A71187BA-4895-4751-A1F6-53A03E250E1B}.Debug|Any CPU.Build.0 = Debug|Any CPU
		{A71187BA-4895-4751-A1F6-53A03E250E1B}.Release|Any CPU.ActiveCfg = Release|Any CPU
		{A71187BA-4895-4751-A1F6-53A03E250E1B}.Release|Any CPU.Build.0 = Release|Any CPU
		{F493411E-58DD-42A9-8BA6-201638326D28}.Debug|Any CPU.ActiveCfg = Debug|Any CPU
		{F493411E-58DD-42A9-8BA6-201638326D28}.Debug|Any CPU.Build.0 = Debug|Any CPU
		{F493411E-58DD-42A9-8BA6-201638326D28}.Release|Any CPU.ActiveCfg = Release|Any CPU
		{F493411E-58DD-42A9-8BA6-201638326D28}.Release|Any CPU.Build.0 = Release|Any CPU
		{DB906A0D-695B-4770-9584-B07112E516A7}.Debug|Any CPU.ActiveCfg = Debug|Any CPU
		{DB906A0D-695B-4770-9584-B07112E516A7}.Debug|Any CPU.Build.0 = Debug|Any CPU
		{DB906A0D-695B-4770-9584-B07112E516A7}.Release|Any CPU.ActiveCfg = Release|Any CPU
		{DB906A0D-695B-4770-9584-B07112E516A7}.Release|Any CPU.Build.0 = Release|Any CPU
		{0A5BA682-55C2-4647-BB14-9411CEA5D2AA}.Debug|Any CPU.ActiveCfg = Debug|Any CPU
		{0A5BA682-55C2-4647-BB14-9411CEA5D2AA}.Debug|Any CPU.Build.0 = Debug|Any CPU
		{0A5BA682-55C2-4647-BB14-9411CEA5D2AA}.Release|Any CPU.ActiveCfg = Release|Any CPU
		{0A5BA682-55C2-4647-BB14-9411CEA5D2AA}.Release|Any CPU.Build.0 = Release|Any CPU
	EndGlobalSection
	GlobalSection(SolutionProperties) = preSolution
		HideSolutionNode = FALSE
	EndGlobalSection
	GlobalSection(NestedProjects) = preSolution
		{F06D7C8F-E940-4FFF-A09A-F0194D322649} = {6A5AD337-DDBF-4633-98E6-80A3D0428516}
		{07A6DBC8-B980-4F7C-BDF0-65E745FCFA2C} = {6A5AD337-DDBF-4633-98E6-80A3D0428516}
		{DE760BEE-C0FC-4A16-AC86-1608087C30C1} = {6A5AD337-DDBF-4633-98E6-80A3D0428516}
		{0A0BBEFF-DDCE-43AB-9363-14993CD49E4F} = {30A643BA-20F1-4B28-89E7-9D1DD7415365}
		{08FC748B-E46C-4B74-AB53-F9D38AA2C88D} = {30A643BA-20F1-4B28-89E7-9D1DD7415365}
		{7466FAD4-0B13-4869-80DC-FBCC9F51A337} = {30A643BA-20F1-4B28-89E7-9D1DD7415365}
		{3F7E16A1-EACC-4397-865A-BB07500EFD71} = {7CED6AB4-B6FC-4735-8F89-CAA84CAB3C0A}
		{874ABEEC-AEBB-422F-9CE6-9528B7AFEC66} = {7CED6AB4-B6FC-4735-8F89-CAA84CAB3C0A}
		{3227C2C2-8410-43A3-8A08-FD8BF882F186} = {7CED6AB4-B6FC-4735-8F89-CAA84CAB3C0A}
		{56FCCB0E-5305-4B7E-BF64-9198550D7643} = {9C77ADA5-4545-4F95-9168-C045758712E8}
		{F98D2105-5F82-4CFB-AD14-78EF2A2F9DDA} = {9C77ADA5-4545-4F95-9168-C045758712E8}
		{A71187BA-4895-4751-A1F6-53A03E250E1B} = {9C77ADA5-4545-4F95-9168-C045758712E8}
		{F493411E-58DD-42A9-8BA6-201638326D28} = {04A94D39-71CC-4B6A-8178-1390F3993F81}
		{DB906A0D-695B-4770-9584-B07112E516A7} = {04A94D39-71CC-4B6A-8178-1390F3993F81}
		{0A5BA682-55C2-4647-BB14-9411CEA5D2AA} = {04A94D39-71CC-4B6A-8178-1390F3993F81}
	EndGlobalSection
	GlobalSection(ExtensibilityGlobals) = postSolution
		SolutionGuid = {3414208B-B07E-40AE-B354-77E8095D0161}
	EndGlobalSection
EndGlobal
